
Microsoft Visual Studio Solution File, Format Version 12.00
# Visual Studio Version 16
VisualStudioVersion = 16.0.31624.102
MinimumVisualStudioVersion = 10.0.40219.1
Project("{FAE04EC0-301F-11D3-BF4B-00C04F79EFBC}") = "SimpleCalculator", "SimpleCalculator\SimpleCalculator.csproj", "{39817567-F0C5-48E2-86F6-9592351C33B0}"
EndProject
Global
	GlobalSection(SolutionConfigurationPlatforms) = preSolution
		Debug|Any CPU = Debug|Any CPU
		Release|Any CPU = Release|Any CPU
	EndGlobalSection
	GlobalSection(ProjectConfigurationPlatforms) = postSolution
		{39817567-F0C5-48E2-86F6-9592351C33B0}.Debug|Any CPU.ActiveCfg = Debug|Any CPU
		{39817567-F0C5-48E2-86F6-9592351C33B0}.Debug|Any CPU.Build.0 = Debug|Any CPU
		{39817567-F0C5-48E2-86F6-9592351C33B0}.Release|Any CPU.ActiveCfg = Release|Any CPU
		{39817567-F0C5-48E2-86F6-9592351C33B0}.Release|Any CPU.Build.0 = Release|Any CPU
	EndGlobalSection
	GlobalSection(SolutionProperties) = preSolution
		HideSolutionNode = FALSE
	EndGlobalSection
	GlobalSection(ExtensibilityGlobals) = postSolution
		SolutionGuid = {B7FDFEAD-DDB1-4EA5-A993-C64B7CAB4C47}
	EndGlobalSection
EndGlobal
